// !$*UTF8*$!
{
	archiveVersion = 1;
	classes = {
	};
	objectVersion = 77;
	objects = {

/* Begin PBXBuildFile section */
		12D0796A2DE2F7E300EA9B1B /* Pods_websocketSwiftStompClient.framework in Frameworks */ = {isa = PBXBuildFile; fileRef = CD9A0BA45E4AE4F99D799AE1 /* Pods_websocketSwiftStompClient.framework */; };
		12D0796B2DE2F7E300EA9B1B /* Pods_websocketSwiftStompClient.framework in Embed Frameworks */ = {isa = PBXBuildFile; fileRef = CD9A0BA45E4AE4F99D799AE1 /* Pods_websocketSwiftStompClient.framework */; settings = {ATTRIBUTES = (CodeSignOnCopy, RemoveHeadersOnCopy, ); }; };
/* End PBXBuildFile section */

/* Begin PBXCopyFilesBuildPhase section */
		12D0796C2DE2F7E300EA9B1B /* Embed Frameworks */ = {
			isa = PBXCopyFilesBuildPhase;
			buildActionMask = 2147483647;
			dstPath = "";
			dstSubfolderSpec = 10;
			files = (
				12D0796B2DE2F7E300EA9B1B /* Pods_websocketSwiftStompClient.framework in Embed Frameworks */,
			);
			name = "Embed Frameworks";
			runOnlyForDeploymentPostprocessing = 0;
		};
/* End PBXCopyFilesBuildPhase section */

/* Begin PBXFileReference section */
		129AD7632DE2DCD600E37F47 /* websocketSwiftStompClient.app */ = {isa = PBXFileReference; explicitFileType = wrapper.application; includeInIndex = 0; path = websocketSwiftStompClient.app; sourceTree = BUILT_PRODUCTS_DIR; };
		12D0796D2DE2F7ED00EA9B1B /* SocketRocket.framework */ = {isa = PBXFileReference; explicitFileType = wrapper.framework; path = SocketRocket.framework; sourceTree = BUILT_PRODUCTS_DIR; };
		12D079702DE2F7F900EA9B1B /* StompClientLib.framework */ = {isa = PBXFileReference; explicitFileType = wrapper.framework; path = StompClientLib.framework; sourceTree = BUILT_PRODUCTS_DIR; };
		12D0798B2DE2FA9000EA9B1B /* SocketRocket.framework */ = {isa = PBXFileReference; explicitFileType = wrapper.framework; path = SocketRocket.framework; sourceTree = BUILT_PRODUCTS_DIR; };
		292352E28349DCA9B5CE7D9A /* Pods-websocketSwiftStompClient.debug.xcconfig */ = {isa = PBXFileReference; includeInIndex = 1; lastKnownFileType = text.xcconfig; name = "Pods-websocketSwiftStompClient.debug.xcconfig"; path = "Target Support Files/Pods-websocketSwiftStompClient/Pods-websocketSwiftStompClient.debug.xcconfig"; sourceTree = "<group>"; };
		C40E3B862D99E7D7417589A2 /* Pods-websocketSwiftStompClient.release.xcconfig */ = {isa = PBXFileReference; includeInIndex = 1; lastKnownFileType = text.xcconfig; name = "Pods-websocketSwiftStompClient.release.xcconfig"; path = "Target Support Files/Pods-websocketSwiftStompClient/Pods-websocketSwiftStompClient.release.xcconfig"; sourceTree = "<group>"; };
		CD9A0BA45E4AE4F99D799AE1 /* Pods_websocketSwiftStompClient.framework */ = {isa = PBXFileReference; explicitFileType = wrapper.framework; includeInIndex = 0; path = Pods_websocketSwiftStompClient.framework; sourceTree = BUILT_PRODUCTS_DIR; };
/* End PBXFileReference section */

/* Begin PBXFileSystemSynchronizedBuildFileExceptionSet section */
		129AD7752DE2DCD900E37F47 /* Exceptions for "websocketSwiftStompClient" folder in "websocketSwiftStompClient" target */ = {
			isa = PBXFileSystemSynchronizedBuildFileExceptionSet;
			membershipExceptions = (
				Info.plist,
			);
			target = 129AD7622DE2DCD600E37F47 /* websocketSwiftStompClient */;
		};
/* End PBXFileSystemSynchronizedBuildFileExceptionSet section */

/* Begin PBXFileSystemSynchronizedRootGroup section */
		129AD7652DE2DCD600E37F47 /* websocketSwiftStompClient */ = {
			isa = PBXFileSystemSynchronizedRootGroup;
			exceptions = (
				129AD7752DE2DCD900E37F47 /* Exceptions for "websocketSwiftStompClient" folder in "websocketSwiftStompClient" target */,
			);
			path = websocketSwiftStompClient;
			sourceTree = "<group>";
		};
/* End PBXFileSystemSynchronizedRootGroup section */

/* Begin PBXFrameworksBuildPhase section */
		129AD7602DE2DCD600E37F47 /* Frameworks */ = {
			isa = PBXFrameworksBuildPhase;
			buildActionMask = 2147483647;
			files = (
				12D0796A2DE2F7E300EA9B1B /* Pods_websocketSwiftStompClient.framework in Frameworks */,
			);
			runOnlyForDeploymentPostprocessing = 0;
		};
/* End PBXFrameworksBuildPhase section */

/* Begin PBXGroup section */
		129AD75A2DE2DCD600E37F47 = {
			isa = PBXGroup;
			children = (
				129AD7652DE2DCD600E37F47 /* websocketSwiftStompClient */,
				129AD7642DE2DCD600E37F47 /* Products */,
				F4372B6CC2CED8D39EEF84D2 /* Pods */,
				F535E4DB8D88CEA97FB4C40E /* Frameworks */,
			);
			sourceTree = "<group>";
		};
		129AD7642DE2DCD600E37F47 /* Products */ = {
			isa = PBXGroup;
			children = (
				129AD7632DE2DCD600E37F47 /* websocketSwiftStompClient.app */,
			);
			name = Products;
			sourceTree = "<group>";
		};
		F4372B6CC2CED8D39EEF84D2 /* Pods */ = {
			isa = PBXGroup;
			children = (
				292352E28349DCA9B5CE7D9A /* Pods-websocketSwiftStompClient.debug.xcconfig */,
				C40E3B862D99E7D7417589A2 /* Pods-websocketSwiftStompClient.release.xcconfig */,
			);
			path = Pods;
			sourceTree = "<group>";
		};
		F535E4DB8D88CEA97FB4C40E /* Frameworks */ = {
			isa = PBXGroup;
			children = (
				12D0798B2DE2FA9000EA9B1B /* SocketRocket.framework */,
				12D079702DE2F7F900EA9B1B /* StompClientLib.framework */,
				12D0796D2DE2F7ED00EA9B1B /* SocketRocket.framework */,
				CD9A0BA45E4AE4F99D799AE1 /* Pods_websocketSwiftStompClient.framework */,
			);
			name = Frameworks;
			sourceTree = "<group>";
		};
/* End PBXGroup section */

/* Begin PBXNativeTarget section */
		129AD7622DE2DCD600E37F47 /* websocketSwiftStompClient */ = {
			isa = PBXNativeTarget;
			buildConfigurationList = 129AD7762DE2DCD900E37F47 /* Build configuration list for PBXNativeTarget "websocketSwiftStompClient" */;
			buildPhases = (
				6B61503AE712563D702D3F40 /* [CP] Check Pods Manifest.lock */,
				129AD75F2DE2DCD600E37F47 /* Sources */,
				129AD7602DE2DCD600E37F47 /* Frameworks */,
				129AD7612DE2DCD600E37F47 /* Resources */,
				223D8C94D3DFE64AD5968E8C /* [CP] Embed Pods Frameworks */,
				12D0796C2DE2F7E300EA9B1B /* Embed Frameworks */,
				12D0798E2DE2FAC400EA9B1B /* ShellScript */,
			);
			buildRules = (
			);
			dependencies = (
			);
			fileSystemSynchronizedGroups = (
				129AD7652DE2DCD600E37F47 /* websocketSwiftStompClient */,
			);
			name = websocketSwiftStompClient;
			productName = websocketSwiftStompClient;
			productReference = 129AD7632DE2DCD600E37F47 /* websocketSwiftStompClient.app */;
			productType = "com.apple.product-type.application";
		};
/* End PBXNativeTarget section */

/* Begin PBXProject section */
		129AD75B2DE2DCD600E37F47 /* Project object */ = {
			isa = PBXProject;
			attributes = {
				BuildIndependentTargetsInParallel = 1;
				LastSwiftUpdateCheck = 1620;
				LastUpgradeCheck = 1620;
				TargetAttributes = {
					129AD7622DE2DCD600E37F47 = {
						CreatedOnToolsVersion = 16.2;
					};
				};
			};
			buildConfigurationList = 129AD75E2DE2DCD600E37F47 /* Build configuration list for PBXProject "websocketSwiftStompClient" */;
			developmentRegion = en;
			hasScannedForEncodings = 0;
			knownRegions = (
				en,
				Base,
			);
			mainGroup = 129AD75A2DE2DCD600E37F47;
			minimizedProjectReferenceProxies = 1;
			preferredProjectObjectVersion = 77;
			productRefGroup = 129AD7642DE2DCD600E37F47 /* Products */;
			projectDirPath = "";
			projectRoot = "";
			targets = (
				129AD7622DE2DCD600E37F47 /* websocketSwiftStompClient */,
			);
		};
/* End PBXProject section */

/* Begin PBXResourcesBuildPhase section */
		129AD7612DE2DCD600E37F47 /* Resources */ = {
			isa = PBXResourcesBuildPhase;
			buildActionMask = 2147483647;
			files = (
			);
			runOnlyForDeploymentPostprocessing = 0;
		};
/* End PBXResourcesBuildPhase section */

/* Begin PBXShellScriptBuildPhase section */
		12D0798E2DE2FAC400EA9B1B /* ShellScript */ = {
			isa = PBXShellScriptBuildPhase;
			alwaysOutOfDate = 1;
			buildActionMask = 8;
			files = (
			);
			inputFileListPaths = (
			);
			inputPaths = (
			);
			outputFileListPaths = (
			);
			outputPaths = (
			);
			runOnlyForDeploymentPostprocessing = 1;
			shellPath = /bin/sh;
			shellScript = "# Type a script or drag a script file from your workspace to insert its path.\n";
		};
		223D8C94D3DFE64AD5968E8C /* [CP] Embed Pods Frameworks */ = {
			isa = PBXShellScriptBuildPhase;
			buildActionMask = 2147483647;
			files = (
			);
			inputFileListPaths = (
				"${PODS_ROOT}/Target Support Files/Pods-websocketSwiftStompClient/Pods-websocketSwiftStompClient-frameworks-${CONFIGURATION}-input-files.xcfilelist",
			);
			name = "[CP] Embed Pods Frameworks";
			outputFileListPaths = (
				"${PODS_ROOT}/Target Support Files/Pods-websocketSwiftStompClient/Pods-websocketSwiftStompClient-frameworks-${CONFIGURATION}-output-files.xcfilelist",
			);
			runOnlyForDeploymentPostprocessing = 0;
			shellPath = /bin/sh;
			shellScript = "\"${PODS_ROOT}/Target Support Files/Pods-websocketSwiftStompClient/Pods-websocketSwiftStompClient-frameworks.sh\"\n";
			showEnvVarsInLog = 0;
		};
		6B61503AE712563D702D3F40 /* [CP] Check Pods Manifest.lock */ = {
			isa = PBXShellScriptBuildPhase;
			buildActionMask = 2147483647;
			files = (
			);
			inputFileListPaths = (
			);
			inputPaths = (
				"${PODS_PODFILE_DIR_PATH}/Podfile.lock",
				"${PODS_ROOT}/Manifest.lock",
			);
			name = "[CP] Check Pods Manifest.lock";
			outputFileListPaths = (
			);
			outputPaths = (
				"$(DERIVED_FILE_DIR)/Pods-websocketSwiftStompClient-checkManifestLockResult.txt",
			);
			runOnlyForDeploymentPostprocessing = 0;
			shellPath = /bin/sh;
			shellScript = "diff \"${PODS_PODFILE_DIR_PATH}/Podfile.lock\" \"${PODS_ROOT}/Manifest.lock\" > /dev/null\nif [ $? != 0 ] ; then\n    # print error to STDERR\n    echo \"error: The sandbox is not in sync with the Podfile.lock. Run 'pod install' or update your CocoaPods installation.\" >&2\n    exit 1\nfi\n# This output is used by Xcode 'outputs' to avoid re-running this script phase.\necho \"SUCCESS\" > \"${SCRIPT_OUTPUT_FILE_0}\"\n";
			showEnvVarsInLog = 0;
		};
/* End PBXShellScriptBuildPhase section */

/* Begin PBXSourcesBuildPhase section */
		129AD75F2DE2DCD600E37F47 /* Sources */ = {
			isa = PBXSourcesBuildPhase;
			buildActionMask = 2147483647;
			files = (
			);
			runOnlyForDeploymentPostprocessing = 0;
		};
/* End PBXSourcesBuildPhase section */

/* Begin XCBuildConfiguration section */
		129AD7772DE2DCD900E37F47 /* Debug */ = {
			isa = XCBuildConfiguration;
			baseConfigurationReference = 292352E28349DCA9B5CE7D9A /* Pods-websocketSwiftStompClient.debug.xcconfig */;
			buildSettings = {
				ASSETCATALOG_COMPILER_APPICON_NAME = AppIcon;
				ASSETCATALOG_COMPILER_GLOBAL_ACCENT_COLOR_NAME = AccentColor;
				CODE_SIGN_STYLE = Automatic;
				CURRENT_PROJECT_VERSION = 1;
				DEVELOPMENT_TEAM = QQN3WP3JSR;
				ENABLE_APP_SANDBOX = NO;
				GENERATE_INFOPLIST_FILE = YES;
				INFOPLIST_FILE = websocketSwiftStompClient/Info.plist;
				INFOPLIST_KEY_UIApplicationSupportsIndirectInputEvents = YES;
				INFOPLIST_KEY_UILaunchStoryboardName = LaunchScreen;
				INFOPLIST_KEY_UIMainStoryboardFile = Main;
				INFOPLIST_KEY_UISupportedInterfaceOrientations_iPad = "UIInterfaceOrientationPortrait UIInterfaceOrientationPortraitUpsideDown UIInterfaceOrientationLandscapeLeft UIInterfaceOrientationLandscapeRight";
				INFOPLIST_KEY_UISupportedInterfaceOrientations_iPhone = "UIInterfaceOrientationPortrait UIInterfaceOrientationLandscapeLeft UIInterfaceOrientationLandscapeRight";
				LD_RUNPATH_SEARCH_PATHS = (
					"$(inherited)",
					"@executable_path/Frameworks",
				);
				MARKETING_VERSION = 1.0;
				PRODUCT_BUNDLE_IDENTIFIER = raiyansharif.websocketSwiftStompClient;
				PRODUCT_NAME = "$(TARGET_NAME)";
				SWIFT_EMIT_LOC_STRINGS = YES;
				SWIFT_VERSION = 5.0;
				TARGETED_DEVICE_FAMILY = "1,2";
			};
			name = Debug;
		};
		129AD7782DE2DCD900E37F47 /* Release */ = {
			isa = XCBuildConfiguration;
			baseConfigurationReference = C40E3B862D99E7D7417589A2 /* Pods-websocketSwiftStompClient.release.xcconfig */;
			buildSettings = {
				ASSETCATALOG_COMPILER_APPICON_NAME = AppIcon;
				ASSETCATALOG_COMPILER_GLOBAL_ACCENT_COLOR_NAME = AccentColor;
				CODE_SIGN_STYLE = Automatic;
				CURRENT_PROJECT_VERSION = 1;
				DEVELOPMENT_TEAM = QQN3WP3JSR;
				ENABLE_APP_SANDBOX = NO;
				GENERATE_INFOPLIST_FILE = YES;
				INFOPLIST_FILE = websocketSwiftStompClient/Info.plist;
				INFOPLIST_KEY_UIApplicationSupportsIndirectInputEvents = YES;
				INFOPLIST_KEY_UILaunchStoryboardName = LaunchScreen;
				INFOPLIST_KEY_UIMainStoryboardFile = Main;
				INFOPLIST_KEY_UISupportedInterfaceOrientations_iPad = "UIInterfaceOrientationPortrait UIInterfaceOrientationPortraitUpsideDown UIInterfaceOrientationLandscapeLeft UIInterfaceOrientationLandscapeRight";
				INFOPLIST_KEY_UISupportedInterfaceOrientations_iPhone = "UIInterfaceOrientationPortrait UIInterfaceOrientationLandscapeLeft UIInterfaceOrientationLandscapeRight";
				LD_RUNPATH_SEARCH_PATHS = (
					"$(inherited)",
					"@executable_path/Frameworks",
				);
				MARKETING_VERSION = 1.0;
				PRODUCT_BUNDLE_IDENTIFIER = raiyansharif.websocketSwiftStompCli;
				PRODUCT_NAME = "$(TARGET_NAME)";
				SWIFT_EMIT_LOC_STRINGS = YES;
				SWIFT_VERSION = 5.0;
				TARGETED_DEVICE_FAMILY = "1,2";
			};
			name = Release;
		};
		129AD7792DE2DCD900E37F47 /* Debug */ = {
			isa = XCBuildConfiguration;
			buildSettings = {
				ALWAYS_SEARCH_USER_PATHS = NO;
				ASSETCATALOG_COMPILER_GENERATE_SWIFT_ASSET_SYMBOL_EXTENSIONS = YES;
				CLANG_ANALYZER_NONNULL = YES;
				CLANG_ANALYZER_NUMBER_OBJECT_CONVERSION = YES_AGGRESSIVE;
				CLANG_CXX_LANGUAGE_STANDARD = "gnu++20";
				CLANG_ENABLE_MODULES = YES;
				CLANG_ENABLE_OBJC_ARC = YES;
				CLANG_ENABLE_OBJC_WEAK = YES;
				CLANG_WARN_BLOCK_CAPTURE_AUTORELEASING = YES;
				CLANG_WARN_BOOL_CONVERSION = YES;
				CLANG_WARN_COMMA = YES;
				CLANG_WARN_CONSTANT_CONVERSION = YES;
				CLANG_WARN_DEPRECATED_OBJC_IMPLEMENTATIONS = YES;
				CLANG_WARN_DIRECT_OBJC_ISA_USAGE = YES_ERROR;
				CLANG_WARN_DOCUMENTATION_COMMENTS = YES;
				CLANG_WARN_EMPTY_BODY = YES;
				CLANG_WARN_ENUM_CONVERSION = YES;
				CLANG_WARN_INFINITE_RECURSION = YES;
				CLANG_WARN_INT_CONVERSION = YES;
				CLANG_WARN_NON_LITERAL_NULL_CONVERSION = YES;
				CLANG_WARN_OBJC_IMPLICIT_RETAIN_SELF = YES;
				CLANG_WARN_OBJC_LITERAL_CONVERSION = YES;
				CLANG_WARN_OBJC_ROOT_CLASS = YES_ERROR;
				CLANG_WARN_QUOTED_INCLUDE_IN_FRAMEWORK_HEADER = YES;
				CLANG_WARN_RANGE_LOOP_ANALYSIS = YES;
				CLANG_WARN_STRICT_PROTOTYPES = YES;
				CLANG_WARN_SUSPICIOUS_MOVE = YES;
				CLANG_WARN_UNGUARDED_AVAILABILITY = YES_AGGRESSIVE;
				CLANG_WARN_UNREACHABLE_CODE = YES;
				CLANG_WARN__DUPLICATE_METHOD_MATCH = YES;
				COPY_PHASE_STRIP = NO;
				DEBUG_INFORMATION_FORMAT = dwarf;
				ENABLE_STRICT_OBJC_MSGSEND = YES;
				ENABLE_TESTABILITY = YES;
				ENABLE_USER_SCRIPT_SANDBOXING = YES;
				GCC_C_LANGUAGE_STANDARD = gnu17;
				GCC_DYNAMIC_NO_PIC = NO;
				GCC_NO_COMMON_BLOCKS = YES;
				GCC_OPTIMIZATION_LEVEL = 0;
				GCC_PREPROCESSOR_DEFINITIONS = (
					"DEBUG=1",
					"$(inherited)",
				);
				GCC_WARN_64_TO_32_BIT_CONVERSION = YES;
				GCC_WARN_ABOUT_RETURN_TYPE = YES_ERROR;
				GCC_WARN_UNDECLARED_SELECTOR = YES;
				GCC_WARN_UNINITIALIZED_AUTOS = YES_AGGRESSIVE;
				GCC_WARN_UNUSED_FUNCTION = YES;
				GCC_WARN_UNUSED_VARIABLE = YES;
				IPHONEOS_DEPLOYMENT_TARGET = 18.2;
				LOCALIZATION_PREFERS_STRING_CATALOGS = YES;
				MTL_ENABLE_DEBUG_INFO = INCLUDE_SOURCE;
				MTL_FAST_MATH = YES;
				ONLY_ACTIVE_ARCH = YES;
				SDKROOT = iphoneos;
				SWIFT_ACTIVE_COMPILATION_CONDITIONS = "DEBUG $(inherited)";
				SWIFT_OPTIMIZATION_LEVEL = "-Onone";
			};
			name = Debug;
		};
		129AD77A2DE2DCD900E37F47 /* Release */ = {
			isa = XCBuildConfiguration;
			buildSettings = {
				ALWAYS_SEARCH_USER_PATHS = NO;
				ASSETCATALOG_COMPILER_GENERATE_SWIFT_ASSET_SYMBOL_EXTENSIONS = YES;
				CLANG_ANALYZER_NONNULL = YES;
				CLANG_ANALYZER_NUMBER_OBJECT_CONVERSION = YES_AGGRESSIVE;
				CLANG_CXX_LANGUAGE_STANDARD = "gnu++20";
				CLANG_ENABLE_MODULES = YES;
				CLANG_ENABLE_OBJC_ARC = YES;
				CLANG_ENABLE_OBJC_WEAK = YES;
				CLANG_WARN_BLOCK_CAPTURE_AUTORELEASING = YES;
				CLANG_WARN_BOOL_CONVERSION = YES;
				CLANG_WARN_COMMA = YES;
				CLANG_WARN_CONSTANT_CONVERSION = YES;
				CLANG_WARN_DEPRECATED_OBJC_IMPLEMENTATIONS = YES;
				CLANG_WARN_DIRECT_OBJC_ISA_USAGE = YES_ERROR;
				CLANG_WARN_DOCUMENTATION_COMMENTS = YES;
				CLANG_WARN_EMPTY_BODY = YES;
				CLANG_WARN_ENUM_CONVERSION = YES;
				CLANG_WARN_INFINITE_RECURSION = YES;
				CLANG_WARN_INT_CONVERSION = YES;
				CLANG_WARN_NON_LITERAL_NULL_CONVERSION = YES;
				CLANG_WARN_OBJC_IMPLICIT_RETAIN_SELF = YES;
				CLANG_WARN_OBJC_LITERAL_CONVERSION = YES;
				CLANG_WARN_OBJC_ROOT_CLASS = YES_ERROR;
				CLANG_WARN_QUOTED_INCLUDE_IN_FRAMEWORK_HEADER = YES;
				CLANG_WARN_RANGE_LOOP_ANALYSIS = YES;
				CLANG_WARN_STRICT_PROTOTYPES = YES;
				CLANG_WARN_SUSPICIOUS_MOVE = YES;
				CLANG_WARN_UNGUARDED_AVAILABILITY = YES_AGGRESSIVE;
				CLANG_WARN_UNREACHABLE_CODE = YES;
				CLANG_WARN__DUPLICATE_METHOD_MATCH = YES;
				COPY_PHASE_STRIP = NO;
				DEBUG_INFORMATION_FORMAT = "dwarf-with-dsym";
				ENABLE_NS_ASSERTIONS = NO;
				ENABLE_STRICT_OBJC_MSGSEND = YES;
				ENABLE_USER_SCRIPT_SANDBOXING = YES;
				GCC_C_LANGUAGE_STANDARD = gnu17;
				GCC_NO_COMMON_BLOCKS = YES;
				GCC_WARN_64_TO_32_BIT_CONVERSION = YES;
				GCC_WARN_ABOUT_RETURN_TYPE = YES_ERROR;
				GCC_WARN_UNDECLARED_SELECTOR = YES;
				GCC_WARN_UNINITIALIZED_AUTOS = YES_AGGRESSIVE;
				GCC_WARN_UNUSED_FUNCTION = YES;
				GCC_WARN_UNUSED_VARIABLE = YES;
				IPHONEOS_DEPLOYMENT_TARGET = 18.2;
				LOCALIZATION_PREFERS_STRING_CATALOGS = YES;
				MTL_ENABLE_DEBUG_INFO = NO;
				MTL_FAST_MATH = YES;
				SDKROOT = iphoneos;
				SWIFT_COMPILATION_MODE = wholemodule;
				VALIDATE_PRODUCT = YES;
			};
			name = Release;
		};
/* End XCBuildConfiguration section */

/* Begin XCConfigurationList section */
		129AD75E2DE2DCD600E37F47 /* Build configuration list for PBXProject "websocketSwiftStompClient" */ = {
			isa = XCConfigurationList;
			buildConfigurations = (
				129AD7792DE2DCD900E37F47 /* Debug */,
				129AD77A2DE2DCD900E37F47 /* Release */,
			);
			defaultConfigurationIsVisible = 0;
			defaultConfigurationName = Release;
		};
		129AD7762DE2DCD900E37F47 /* Build configuration list for PBXNativeTarget "websocketSwiftStompClient" */ = {
			isa = XCConfigurationList;
			buildConfigurations = (
				129AD7772DE2DCD900E37F47 /* Debug */,
				129AD7782DE2DCD900E37F47 /* Release */,
			);
			defaultConfigurationIsVisible = 0;
			defaultConfigurationName = Release;
		};
/* End XCConfigurationList section */
	};
	rootObject = 129AD75B2DE2DCD600E37F47 /* Project object */;
}
